
Microsoft Visual Studio Solution File, Format Version 12.00
# Visual Studio Version 16
VisualStudioVersion = 16.0.30621.155
MinimumVisualStudioVersion = 10.0.40219.1
Project("{FAE04EC0-301F-11D3-BF4B-00C04F79EFBC}") = "PreviewHandlerHost", "PreviewHandlerHost\PreviewHandlerHost.csproj", "{484CBF61-10FA-4F72-AB5A-35768AE673C2}"
EndProject
Project("{FAE04EC0-301F-11D3-BF4B-00C04F79EFBC}") = "PreviewHandlerHostDemo", "PreviewHandlerHostDemo\PreviewHandlerHostDemo.csproj", "{AE5DEB3D-478A-48F8-93DB-D19A9F14649C}"
	ProjectSection(ProjectDependencies) = postProject
		{484CBF61-10FA-4F72-AB5A-35768AE673C2} = {484CBF61-10FA-4F72-AB5A-35768AE673C2}
	EndProjectSection
EndProject
Global
	GlobalSection(SolutionConfigurationPlatforms) = preSolution
		Debug|Any CPU = Debug|Any CPU
		Release|Any CPU = Release|Any CPU
	EndGlobalSection
	GlobalSection(ProjectConfigurationPlatforms) = postSolution
		{484CBF61-10FA-4F72-AB5A-35768AE673C2}.Debug|Any CPU.ActiveCfg = Debug|Any CPU
		{484CBF61-10FA-4F72-AB5A-35768AE673C2}.Debug|Any CPU.Build.0 = Debug|Any CPU
		{484CBF61-10FA-4F72-AB5A-35768AE673C2}.Release|Any CPU.ActiveCfg = Release|Any CPU
		{484CBF61-10FA-4F72-AB5A-35768AE673C2}.Release|Any CPU.Build.0 = Release|Any CPU
		{AE5DEB3D-478A-48F8-93DB-D19A9F14649C}.Debug|Any CPU.ActiveCfg = Debug|Any CPU
		{AE5DEB3D-478A-48F8-93DB-D19A9F14649C}.Debug|Any CPU.Build.0 = Debug|Any CPU
		{AE5DEB3D-478A-48F8-93DB-D19A9F14649C}.Release|Any CPU.ActiveCfg = Release|Any CPU
		{AE5DEB3D-478A-48F8-93DB-D19A9F14649C}.Release|Any CPU.Build.0 = Release|Any CPU
	EndGlobalSection
	GlobalSection(SolutionProperties) = preSolution
		HideSolutionNode = FALSE
	EndGlobalSection
	GlobalSection(ExtensibilityGlobals) = postSolution
		SolutionGuid = {5E5ACDF1-313C-4633-B702-C2762FEC3470}
	EndGlobalSection
EndGlobal
